# THIS IS AN AUTOGENERATED FILE. DO NOT EDIT THIS FILE DIRECTLY.
# yarn lockfile v1


"@types/lodash@^4.14.198":
  version "4.14.198"
  resolved "https://registry.yarnpkg.com/@types/lodash/-/lodash-4.14.198.tgz#4d27465257011aedc741a809f1269941fa2c5d4c"
  integrity sha512-trNJ/vtMZYMLhfN45uLq4ShQSw0/S7xCTLLVM+WM1rmFpba/VS42jVUgaO3w/NOLiWR/09lnYk0yMaA/atdIsg==

"@types/minimist@^1.2.2":
  version "1.2.2"
  resolved "https://registry.yarnpkg.com/@types/minimist/-/minimist-1.2.2.tgz#ee771e2ba4b3dc5b372935d549fd9617bf345b8c"
  integrity sha512-jhuKLIRrhvCPLqwPcx6INqmKeiA5EWrsCOPhrlFSrbrmU4ZMPjj5Ul/oLCMDO98XRUIwVm78xICz4EPCektzeQ==

"@types/node@^20.6.3":
  version "20.6.3"
  resolved "https://registry.yarnpkg.com/@types/node/-/node-20.6.3.tgz#5b763b321cd3b80f6b8dde7a37e1a77ff9358dd9"
  integrity sha512-HksnYH4Ljr4VQgEy2lTStbCKv/P590tmPe5HqOnv9Gprffgv5WXAY+Y5Gqniu0GGqeTCUdBnzC3QSrzPkBkAMA==

bun-types@^1.0.2:
  version "1.0.2"
  resolved "https://registry.yarnpkg.com/bun-types/-/bun-types-1.0.2.tgz#4905f5debd69c1e2695e15fd64a4e68061a4f6d3"
  integrity sha512-yqBp2SX9cqr5/GReb56uCfM+YP+Hntx3XPjbqX1VJXqOBu+Yqw8iWRFLKFIsz9uEfykLgflhramQ8a5Jgo+Tlg==

lodash@^4.17.21:
  version "4.17.21"
  resolved "https://registry.yarnpkg.com/lodash/-/lodash-4.17.21.tgz#679591c564c3bffaae8454cf0b3df370c3d6911c"
  integrity sha512-v2kDEe57lecTulaDIuNTPy3Ry4gLGJ6Z1O3vE1krgXZNrsQ+LFTGHVxVjcXPs17LhbZVGedAJv8XZ1tvj5FvSg==

minimist@^1.2.8:
  version "1.2.8"
  resolved "https://registry.yarnpkg.com/minimist/-/minimist-1.2.8.tgz#c1a464e7693302e082a075cee0c057741ac4772c"
  integrity sha512-2yyAR8qBkN3YuheJanUpWC5U3bb5osDywNB8RzDVlDwDHbocAJveqqj1u8+SVD7jkWT4yvsHCpWqqWqAxb0zCA==
